{
  "lockfile_version": "1",
  "packages": {
    "act@latest": {
      "last_modified": "2026-04-23T13:07:47Z",
      "resolved": "github:NixOS/nixpkgs/01fbdeef22b76df85ea168fbfe1bfd9e63681b30#act",
      "source": "devbox-search",
      "version": "0.2.87",
      "systems": {
        "aarch64-darwin": {
          "outputs": [
            {
              "name": "out",
              "path": "/nix/store/dhc15dbhyfsg7290pxbf4nrz9vfvkjz3-act-0.2.87",
              "default": true
            }
          ],
          "store_path": "/nix/store/dhc15dbhyfsg7290pxbf4nrz9vfvkjz3-act-0.2.87"
        },
        "aarch64-linux": {
          "outputs": [
            {
              "name": "out",
              "path": "/nix/store/am2fifsf9k12msxfr1krckwrwa9p7x86-act-0.2.87",
              "default": true
            }
          ],
          "store_path": "/nix/store/am2fifsf9k12msxfr1krckwrwa9p7x86-act-0.2.87"
        },
        "x86_64-darwin": {
          "outputs": [
            {
              "name": "out",
              "path": "/nix/store/fkknwawjk6k2y0cjmk4qjc26lswi9zd5-act-0.2.87",
              "default": true
            }
          ],
          "store_path": "/nix/store/fkknwawjk6k2y0cjmk4qjc26lswi9zd5-act-0.2.87"
        },
        "x86_64-linux": {
          "outputs": [
            {
              "name": "out",
              "path": "/nix/store/8r56ajw33nrfj9wy51zxlcyh5bzn2wds-act-0.2.87",
              "default": true
            }
          ],
          "store_path": "/nix/store/8r56ajw33nrfj9wy51zxlcyh5bzn2wds-act-0.2.87"
        }
      }
    },
    "cargo@latest": {
      "last_modified": "2026-04-23T13:07:47Z",
      "resolved": "github:NixOS/nixpkgs/01fbdeef22b76df85ea168fbfe1bfd9e63681b30#cargo",
      "source": "devbox-search",
      "version": "1.94.1",
      "systems": {
        "aarch64-darwin": {
          "outputs": [
            {
              "name": "out",
              "path": "/nix/store/mlrgd5zljyrxl15ryn31w15w48f6yii5-cargo-1.94.1",
              "default": true
            }
          ],
          "store_path": "/nix/store/mlrgd5zljyrxl15ryn31w15w48f6yii5-cargo-1.94.1"
        },
        "aarch64-linux": {
          "outputs": [
            {
              "name": "out",
              "path": "/nix/store/fvmmpmsik6551c334wgvx8smifj2fibf-cargo-1.94.1",
              "default": true
            }
          ],
          "store_path": "/nix/store/fvmmpmsik6551c334wgvx8smifj2fibf-cargo-1.94.1"
        },
        "x86_64-darwin": {
          "outputs": [
            {
              "name": "out",
              "path": "/nix/store/10bhh3gsrw2xfg3fr53pip6rdzcz2sfp-cargo-1.94.1",
              "default": true
            }
          ],
          "store_path": "/nix/store/10bhh3gsrw2xfg3fr53pip6rdzcz2sfp-cargo-1.94.1"
        },
        "x86_64-linux": {
          "outputs": [
            {
              "name": "out",
              "path": "/nix/store/z382dzkk7snk51ka6n4f3b953dcdm8fc-cargo-1.94.1",
              "default": true
            }
          ],
          "store_path": "/nix/store/z382dzkk7snk51ka6n4f3b953dcdm8fc-cargo-1.94.1"
        }
      }
    },
    "claude-code@latest": {
      "last_modified": "2026-04-30T11:26:30Z",
      "resolved": "github:NixOS/nixpkgs/7aaa00e7cc9be6c316cb5f6617bd740dd435c59d#claude-code",
      "source": "devbox-search",
      "version": "2.1.121",
      "systems": {
        "aarch64-darwin": {
          "outputs": [
            {
              "name": "out",
              "path": "/nix/store/1im7qb4aigab8lmf08y3yd3zp1drgyx5-claude-code-2.1.121",
              "default": true
            }
          ],
          "store_path": "/nix/store/1im7qb4aigab8lmf08y3yd3zp1drgyx5-claude-code-2.1.121"
        },
        "aarch64-linux": {
          "outputs": [
            {
              "name": "out",
              "path": "/nix/store/ajrks622dji73vzpfdqnmj1g9vc2w2pc-claude-code-2.1.121",
              "default": true
            }
          ],
          "store_path": "/nix/store/ajrks622dji73vzpfdqnmj1g9vc2w2pc-claude-code-2.1.121"
        },
        "x86_64-darwin": {
          "outputs": [
            {
              "name": "out",
              "path": "/nix/store/h4rh5hk71hsk42s1vwfxgpjzj8mnq5ny-claude-code-2.1.121",
              "default": true
            }
          ],
          "store_path": "/nix/store/h4rh5hk71hsk42s1vwfxgpjzj8mnq5ny-claude-code-2.1.121"
        },
        "x86_64-linux": {
          "outputs": [
            {
              "name": "out",
              "path": "/nix/store/n0f313wixxwzk4hb4dhisicsbb6p40s4-claude-code-2.1.121",
              "default": true
            }
          ],
          "store_path": "/nix/store/n0f313wixxwzk4hb4dhisicsbb6p40s4-claude-code-2.1.121"
        }
      }
    },
    "clippy@latest": {
      "last_modified": "2026-04-23T13:07:47Z",
      "resolved": "github:NixOS/nixpkgs/01fbdeef22b76df85ea168fbfe1bfd9e63681b30#clippy",
      "source": "devbox-search",
      "version": "1.94.1",
      "systems": {
        "aarch64-darwin": {
          "outputs": [
            {
              "name": "out",
              "path": "/nix/store/z9jrilf49s8prkiicxlfapbi6hj9dz03-clippy-1.94.1",
              "default": true
            }
          ],
          "store_path": "/nix/store/z9jrilf49s8prkiicxlfapbi6hj9dz03-clippy-1.94.1"
        },
        "aarch64-linux": {
          "outputs": [
            {
              "name": "out",
              "path": "/nix/store/0ag0s1wxh9l5fldh6j0318qpmzy7sn5r-clippy-1.94.1",
              "default": true
            },
            {
              "name": "debug",
              "path": "/nix/store/svpaxsn34mgdzhgyrgdvw68fl14g1s8x-clippy-1.94.1-debug"
            }
          ],
          "store_path": "/nix/store/0ag0s1wxh9l5fldh6j0318qpmzy7sn5r-clippy-1.94.1"
        },
        "x86_64-darwin": {
          "outputs": [
            {
              "name": "out",
              "path": "/nix/store/874dlfzia6nhc8f9iwqnh8cg79ga3rw4-clippy-1.94.1",
              "default": true
            }
          ],
          "store_path": "/nix/store/874dlfzia6nhc8f9iwqnh8cg79ga3rw4-clippy-1.94.1"
        },
        "x86_64-linux": {
          "outputs": [
            {
              "name": "out",
              "path": "/nix/store/wavkh1sj2fb7cclydhj1q15k7dcha91x-clippy-1.94.1",
              "default": true
            },
            {
              "name": "debug",
              "path": "/nix/store/2970l2zp3wwb361mabagg9gfgnwkn9s2-clippy-1.94.1-debug"
            }
          ],
          "store_path": "/nix/store/wavkh1sj2fb7cclydhj1q15k7dcha91x-clippy-1.94.1"
        }
      }
    },
    "gh@latest": {
      "last_modified": "2026-04-23T13:07:47Z",
      "resolved": "github:NixOS/nixpkgs/01fbdeef22b76df85ea168fbfe1bfd9e63681b30#gh",
      "source": "devbox-search",
      "version": "2.91.0",
      "systems": {
        "aarch64-darwin": {
          "outputs": [
            {
              "name": "out",
              "path": "/nix/store/y8yf0bazf3qm98526m5cl6pcm6b4p4gn-gh-2.91.0",
              "default": true
            }
          ],
          "store_path": "/nix/store/y8yf0bazf3qm98526m5cl6pcm6b4p4gn-gh-2.91.0"
        },
        "aarch64-linux": {
          "outputs": [
            {
              "name": "out",
              "path": "/nix/store/32bmxy5l0prq932fjcac1aic11dswb95-gh-2.91.0",
              "default": true
            }
          ],
          "store_path": "/nix/store/32bmxy5l0prq932fjcac1aic11dswb95-gh-2.91.0"
        },
        "x86_64-darwin": {
          "outputs": [
            {
              "name": "out",
              "path": "/nix/store/vglhs3fca2zcbhwqkhqgh7f43zzsp4yx-gh-2.91.0",
              "default": true
            }
          ],
          "store_path": "/nix/store/vglhs3fca2zcbhwqkhqgh7f43zzsp4yx-gh-2.91.0"
        },
        "x86_64-linux": {
          "outputs": [
            {
              "name": "out",
              "path": "/nix/store/ak41fqdlgynk1awfrkdrrwvi5v5j90sk-gh-2.91.0",
              "default": true
            }
          ],
          "store_path": "/nix/store/ak41fqdlgynk1awfrkdrrwvi5v5j90sk-gh-2.91.0"
        }
      }
    },
    "github:NixOS/nixpkgs/nixpkgs-unstable": {
      "last_modified": "2026-05-03T16:35:46Z",
      "resolved": "github:NixOS/nixpkgs/73c703c22422b8951895a960959dbbaca7296492?lastModified=1777826146&narHash=sha256-wQ%2FiN5Zp5VIa3ebBibijPnLyKhor%2BxEbDy4d0goa9Zs%3D"
    },
    "nodejs@latest": {
      "last_modified": "2026-04-23T13:07:47Z",
      "plugin_version": "0.0.2",
      "resolved": "github:NixOS/nixpkgs/01fbdeef22b76df85ea168fbfe1bfd9e63681b30#nodejs_25",
      "source": "devbox-search",
      "version": "25.9.0",
      "systems": {
        "aarch64-darwin": {
          "outputs": [
            {
              "name": "out",
              "path": "/nix/store/lk0q06f44l3p5ajzpnqhs6bwwpf7j7ny-nodejs-25.9.0",
              "default": true
            }
          ],
          "store_path": "/nix/store/lk0q06f44l3p5ajzpnqhs6bwwpf7j7ny-nodejs-25.9.0"
        },
        "aarch64-linux": {
          "outputs": [
            {
              "name": "out",
              "path": "/nix/store/kqhlmkz7y5id7l02d2pjid61jh6a1zc5-nodejs-25.9.0",
              "default": true
            }
          ],
          "store_path": "/nix/store/kqhlmkz7y5id7l02d2pjid61jh6a1zc5-nodejs-25.9.0"
        },
        "x86_64-darwin": {
          "outputs": [
            {
              "name": "out",
              "path": "/nix/store/6js5ig13hfm2b9vif9325slzl590l0yr-nodejs-25.9.0",
              "default": true
            }
          ],
          "store_path": "/nix/store/6js5ig13hfm2b9vif9325slzl590l0yr-nodejs-25.9.0"
        },
        "x86_64-linux": {
          "outputs": [
            {
              "name": "out",
              "path": "/nix/store/qvw3cs7p2aipxsmyvwf9xr5ffvmwjkh1-nodejs-25.9.0",
              "default": true
            }
          ],
          "store_path": "/nix/store/qvw3cs7p2aipxsmyvwf9xr5ffvmwjkh1-nodejs-25.9.0"
        }
      }
    },
    "process-compose@latest": {
      "last_modified": "2026-04-23T13:07:47Z",
      "resolved": "github:NixOS/nixpkgs/01fbdeef22b76df85ea168fbfe1bfd9e63681b30#process-compose",
      "source": "devbox-search",
      "version": "1.103.0",
      "systems": {
        "aarch64-darwin": {
          "outputs": [
            {
              "name": "out",
              "path": "/nix/store/c593fs5f4sqvs7h6nvbkv7k5sa59bdh8-process-compose-1.103.0",
              "default": true
            }
          ],
          "store_path": "/nix/store/c593fs5f4sqvs7h6nvbkv7k5sa59bdh8-process-compose-1.103.0"
        },
        "aarch64-linux": {
          "outputs": [
            {
              "name": "out",
              "path": "/nix/store/pjg73wzwdqag6spj17snhm5isp6fmp12-process-compose-1.103.0",
              "default": true
            }
          ],
          "store_path": "/nix/store/pjg73wzwdqag6spj17snhm5isp6fmp12-process-compose-1.103.0"
        },
        "x86_64-darwin": {
          "outputs": [
            {
              "name": "out",
              "path": "/nix/store/cf20j149ha8hbjdamw1zhdc4bysm5986-process-compose-1.103.0",
              "default": true
            }
          ],
          "store_path": "/nix/store/cf20j149ha8hbjdamw1zhdc4bysm5986-process-compose-1.103.0"
        },
        "x86_64-linux": {
          "outputs": [
            {
              "name": "out",
              "path": "/nix/store/qpmwpcvvfykq4yv6pqqlwm78yqqir3rn-process-compose-1.103.0",
              "default": true
            }
          ],
          "store_path": "/nix/store/qpmwpcvvfykq4yv6pqqlwm78yqqir3rn-process-compose-1.103.0"
        }
      }
    },
    "rustfmt@latest": {
      "last_modified": "2026-04-23T13:07:47Z",
      "resolved": "github:NixOS/nixpkgs/01fbdeef22b76df85ea168fbfe1bfd9e63681b30#rustfmt",
      "source": "devbox-search",
      "version": "1.94.1",
      "systems": {
        "aarch64-darwin": {
          "outputs": [
            {
              "name": "out",
              "path": "/nix/store/371msib7kcxjsjhck6562pfa0q9nn8mw-rustfmt-1.94.1",
              "default": true
            }
          ],
          "store_path": "/nix/store/371msib7kcxjsjhck6562pfa0q9nn8mw-rustfmt-1.94.1"
        },
        "aarch64-linux": {
          "outputs": [
            {
              "name": "out",
              "path": "/nix/store/y466x0p4r8qjz5z4qpcjd16y8vmlzhl3-rustfmt-1.94.1",
              "default": true
            }
          ],
          "store_path": "/nix/store/y466x0p4r8qjz5z4qpcjd16y8vmlzhl3-rustfmt-1.94.1"
        },
        "x86_64-darwin": {
          "outputs": [
            {
              "name": "out",
              "path": "/nix/store/xz887wb672i5sb1p5yj8mjm1190np784-rustfmt-1.94.1",
              "default": true
            }
          ],
          "store_path": "/nix/store/xz887wb672i5sb1p5yj8mjm1190np784-rustfmt-1.94.1"
        },
        "x86_64-linux": {
          "outputs": [
            {
              "name": "out",
              "path": "/nix/store/rsshbz486a0ka567awpbkbawaqdr40pd-rustfmt-1.94.1",
              "default": true
            }
          ],
          "store_path": "/nix/store/rsshbz486a0ka567awpbkbawaqdr40pd-rustfmt-1.94.1"
        }
      }
    },
    "shellcheck@latest": {
      "last_modified": "2026-04-23T13:07:47Z",
      "resolved": "github:NixOS/nixpkgs/01fbdeef22b76df85ea168fbfe1bfd9e63681b30#shellcheck",
      "source": "devbox-search",
      "version": "0.11.0",
      "systems": {
        "aarch64-darwin": {
          "outputs": [
            {
              "name": "bin",
              "path": "/nix/store/dlbqbwjzrv193wnjg04cpr5giw8hn12l-shellcheck-0.11.0-bin",
              "default": true
            },
            {
              "name": "man",
              "path": "/nix/store/wp7s0lsrhwz0ix6lza75fch0cpl88py8-shellcheck-0.11.0-man",
              "default": true
            },
            {
              "name": "doc",
              "path": "/nix/store/y23x33gxn2dlxf0v3d03sk8hhwprqkwr-shellcheck-0.11.0-doc",
              "default": true
            },
            {
              "name": "out",
              "path": "/nix/store/1vr1pp6r6cszwcvbnx6jnm5m2acj6b72-shellcheck-0.11.0"
            }
          ],
          "store_path": "/nix/store/dlbqbwjzrv193wnjg04cpr5giw8hn12l-shellcheck-0.11.0-bin"
        },
        "aarch64-linux": {
          "outputs": [
            {
              "name": "bin",
              "path": "/nix/store/sw3f95zvc4kj318bkkvya0bha59c959r-shellcheck-0.11.0-bin",
              "default": true
            },
            {
              "name": "man",
              "path": "/nix/store/xsxan945pnxvw3zs8sgnyyshl2yc0f1m-shellcheck-0.11.0-man",
              "default": true
            },
            {
              "name": "doc",
              "path": "/nix/store/afnjnclxa4f20n4h5j655q6bkvqb5gfx-shellcheck-0.11.0-doc",
              "default": true
            },
            {
              "name": "out",
              "path": "/nix/store/s8j83wf8g18gs8liayqdxbw6byfxrmq3-shellcheck-0.11.0"
            }
          ],
          "store_path": "/nix/store/sw3f95zvc4kj318bkkvya0bha59c959r-shellcheck-0.11.0-bin"
        },
        "x86_64-darwin": {
          "outputs": [
            {
              "name": "bin",
              "path": "/nix/store/v9vqlrcqfv6cjr4s92d5rfdvll2na6a7-shellcheck-0.11.0-bin",
              "default": true
            },
            {
              "name": "man",
              "path": "/nix/store/32p1vmfw91d0sqsfnbxx52yf8r2brdq2-shellcheck-0.11.0-man",
              "default": true
            },
            {
              "name": "doc",
              "path": "/nix/store/s4vm25qahll7w881151z12vn81j4afg0-shellcheck-0.11.0-doc",
              "default": true
            },
            {
              "name": "out",
              "path": "/nix/store/hkbyrgg9yygb7m05r1vpx1b9cn6hh8rf-shellcheck-0.11.0"
            }
          ],
          "store_path": "/nix/store/v9vqlrcqfv6cjr4s92d5rfdvll2na6a7-shellcheck-0.11.0-bin"
        },
        "x86_64-linux": {
          "outputs": [
            {
              "name": "bin",
              "path": "/nix/store/7xiiq153kv13wcqb6j5zffz2g778nssv-shellcheck-0.11.0-bin",
              "default": true
            },
            {
              "name": "man",
              "path": "/nix/store/00zjsxq0s6j95n6004prcjxn4j5zgpb9-shellcheck-0.11.0-man",
              "default": true
            },
            {
              "name": "doc",
              "path": "/nix/store/x77g5cjb4mzab1vr48bv3vl67p7lcy2n-shellcheck-0.11.0-doc",
              "default": true
            },
            {
              "name": "out",
              "path": "/nix/store/09hk83dw55dpbw1f8km58pycmbfr186k-shellcheck-0.11.0"
            }
          ],
          "store_path": "/nix/store/7xiiq153kv13wcqb6j5zffz2g778nssv-shellcheck-0.11.0-bin"
        }
      }
    },
    "treefmt@latest": {
      "last_modified": "2026-04-23T13:07:47Z",
      "resolved": "github:NixOS/nixpkgs/01fbdeef22b76df85ea168fbfe1bfd9e63681b30#treefmt",
      "source": "devbox-search",
      "version": "2.5.0",
      "systems": {
        "aarch64-darwin": {
          "outputs": [
            {
              "name": "out",
              "path": "/nix/store/3ry4krb98pmc8gmx3vh87gh75m54hr3v-treefmt-2.5.0",
              "default": true
            }
          ],
          "store_path": "/nix/store/3ry4krb98pmc8gmx3vh87gh75m54hr3v-treefmt-2.5.0"
        },
        "aarch64-linux": {
          "outputs": [
            {
              "name": "out",
              "path": "/nix/store/4q21cn2z2qpzzv1qjfamjsl1af9is48m-treefmt-2.5.0",
              "default": true
            }
          ],
          "store_path": "/nix/store/4q21cn2z2qpzzv1qjfamjsl1af9is48m-treefmt-2.5.0"
        },
        "x86_64-darwin": {
          "outputs": [
            {
              "name": "out",
              "path": "/nix/store/0n8hacc8xi2625snphnyn4w4qq7cjyza-treefmt-2.5.0",
              "default": true
            }
          ],
          "store_path": "/nix/store/0n8hacc8xi2625snphnyn4w4qq7cjyza-treefmt-2.5.0"
        },
        "x86_64-linux": {
          "outputs": [
            {
              "name": "out",
              "path": "/nix/store/4cp0hc2pggxcqnblq19yagap14ywpi30-treefmt-2.5.0",
              "default": true
            }
          ],
          "store_path": "/nix/store/4cp0hc2pggxcqnblq19yagap14ywpi30-treefmt-2.5.0"
        }
      }
    }
  }
}
