{
  "lockfile_version": "1",
  "packages": {
    "act@latest": {
      "last_modified": "2026-01-23T17:20:52Z",
      "resolved": "github:NixOS/nixpkgs/a1bab9e494f5f4939442a57a58d0449a109593fe#act",
      "source": "devbox-search",
      "version": "0.2.84",
      "systems": {
        "aarch64-darwin": {
          "outputs": [
            {
              "name": "out",
              "path": "/nix/store/60fx8ffpxxfl7chps435jz0yy40bgz7z-act-0.2.84",
              "default": true
            }
          ],
          "store_path": "/nix/store/60fx8ffpxxfl7chps435jz0yy40bgz7z-act-0.2.84"
        },
        "aarch64-linux": {
          "outputs": [
            {
              "name": "out",
              "path": "/nix/store/jrbdrlv46d8jglg30v078ncxmmc7rfrj-act-0.2.84",
              "default": true
            }
          ],
          "store_path": "/nix/store/jrbdrlv46d8jglg30v078ncxmmc7rfrj-act-0.2.84"
        },
        "x86_64-darwin": {
          "outputs": [
            {
              "name": "out",
              "path": "/nix/store/j49qnbhrsi7qhw4jn9852f818nxmmj9r-act-0.2.84",
              "default": true
            }
          ],
          "store_path": "/nix/store/j49qnbhrsi7qhw4jn9852f818nxmmj9r-act-0.2.84"
        },
        "x86_64-linux": {
          "outputs": [
            {
              "name": "out",
              "path": "/nix/store/29dp2s13wyawgm1m5kvsl8n4mh107h8r-act-0.2.84",
              "default": true
            }
          ],
          "store_path": "/nix/store/29dp2s13wyawgm1m5kvsl8n4mh107h8r-act-0.2.84"
        }
      }
    },
    "cargo@latest": {
      "last_modified": "2026-04-23T13:07:47Z",
      "resolved": "github:NixOS/nixpkgs/01fbdeef22b76df85ea168fbfe1bfd9e63681b30#cargo",
      "source": "devbox-search",
      "version": "1.94.1",
      "systems": {
        "aarch64-darwin": {
          "outputs": [
            {
              "name": "out",
              "path": "/nix/store/mlrgd5zljyrxl15ryn31w15w48f6yii5-cargo-1.94.1",
              "default": true
            }
          ],
          "store_path": "/nix/store/mlrgd5zljyrxl15ryn31w15w48f6yii5-cargo-1.94.1"
        },
        "aarch64-linux": {
          "outputs": [
            {
              "name": "out",
              "path": "/nix/store/fvmmpmsik6551c334wgvx8smifj2fibf-cargo-1.94.1",
              "default": true
            }
          ],
          "store_path": "/nix/store/fvmmpmsik6551c334wgvx8smifj2fibf-cargo-1.94.1"
        },
        "x86_64-darwin": {
          "outputs": [
            {
              "name": "out",
              "path": "/nix/store/10bhh3gsrw2xfg3fr53pip6rdzcz2sfp-cargo-1.94.1",
              "default": true
            }
          ],
          "store_path": "/nix/store/10bhh3gsrw2xfg3fr53pip6rdzcz2sfp-cargo-1.94.1"
        },
        "x86_64-linux": {
          "outputs": [
            {
              "name": "out",
              "path": "/nix/store/z382dzkk7snk51ka6n4f3b953dcdm8fc-cargo-1.94.1",
              "default": true
            }
          ],
          "store_path": "/nix/store/z382dzkk7snk51ka6n4f3b953dcdm8fc-cargo-1.94.1"
        }
      }
    },
    "claude-code@latest": {
      "last_modified": "2026-02-13T23:34:13Z",
      "resolved": "github:NixOS/nixpkgs/7d2ae6d8b8b697b5114a4249d0d958ee5f23d8fe#claude-code",
      "source": "devbox-search",
      "version": "2.1.39",
      "systems": {
        "aarch64-darwin": {
          "outputs": [
            {
              "name": "out",
              "path": "/nix/store/jxyjdnn3nmvjqv7n1diiysb799qfvr60-claude-code-2.1.39",
              "default": true
            }
          ],
          "store_path": "/nix/store/jxyjdnn3nmvjqv7n1diiysb799qfvr60-claude-code-2.1.39"
        },
        "aarch64-linux": {
          "outputs": [
            {
              "name": "out",
              "path": "/nix/store/sjqfnb9anq60yi7rb835ig7bqh4hg5q8-claude-code-2.1.39",
              "default": true
            }
          ],
          "store_path": "/nix/store/sjqfnb9anq60yi7rb835ig7bqh4hg5q8-claude-code-2.1.39"
        },
        "x86_64-darwin": {
          "outputs": [
            {
              "name": "out",
              "path": "/nix/store/ms34ydrd192vvh8bw0jfv7kdi3qm0l1x-claude-code-2.1.39",
              "default": true
            }
          ],
          "store_path": "/nix/store/ms34ydrd192vvh8bw0jfv7kdi3qm0l1x-claude-code-2.1.39"
        },
        "x86_64-linux": {
          "outputs": [
            {
              "name": "out",
              "path": "/nix/store/1730mk79ga0f71h41bb05m6lg5hs31r5-claude-code-2.1.39",
              "default": true
            }
          ],
          "store_path": "/nix/store/1730mk79ga0f71h41bb05m6lg5hs31r5-claude-code-2.1.39"
        }
      }
    },
    "clippy@latest": {
      "last_modified": "2026-04-23T13:07:47Z",
      "resolved": "github:NixOS/nixpkgs/01fbdeef22b76df85ea168fbfe1bfd9e63681b30#clippy",
      "source": "devbox-search",
      "version": "1.94.1",
      "systems": {
        "aarch64-darwin": {
          "outputs": [
            {
              "name": "out",
              "path": "/nix/store/z9jrilf49s8prkiicxlfapbi6hj9dz03-clippy-1.94.1",
              "default": true
            }
          ],
          "store_path": "/nix/store/z9jrilf49s8prkiicxlfapbi6hj9dz03-clippy-1.94.1"
        },
        "aarch64-linux": {
          "outputs": [
            {
              "name": "out",
              "path": "/nix/store/0ag0s1wxh9l5fldh6j0318qpmzy7sn5r-clippy-1.94.1",
              "default": true
            },
            {
              "name": "debug",
              "path": "/nix/store/svpaxsn34mgdzhgyrgdvw68fl14g1s8x-clippy-1.94.1-debug"
            }
          ],
          "store_path": "/nix/store/0ag0s1wxh9l5fldh6j0318qpmzy7sn5r-clippy-1.94.1"
        },
        "x86_64-darwin": {
          "outputs": [
            {
              "name": "out",
              "path": "/nix/store/874dlfzia6nhc8f9iwqnh8cg79ga3rw4-clippy-1.94.1",
              "default": true
            }
          ],
          "store_path": "/nix/store/874dlfzia6nhc8f9iwqnh8cg79ga3rw4-clippy-1.94.1"
        },
        "x86_64-linux": {
          "outputs": [
            {
              "name": "out",
              "path": "/nix/store/wavkh1sj2fb7cclydhj1q15k7dcha91x-clippy-1.94.1",
              "default": true
            },
            {
              "name": "debug",
              "path": "/nix/store/2970l2zp3wwb361mabagg9gfgnwkn9s2-clippy-1.94.1-debug"
            }
          ],
          "store_path": "/nix/store/wavkh1sj2fb7cclydhj1q15k7dcha91x-clippy-1.94.1"
        }
      }
    },
    "gh@latest": {
      "last_modified": "2026-01-23T17:20:52Z",
      "resolved": "github:NixOS/nixpkgs/a1bab9e494f5f4939442a57a58d0449a109593fe#gh",
      "source": "devbox-search",
      "version": "2.86.0",
      "systems": {
        "aarch64-darwin": {
          "outputs": [
            {
              "name": "out",
              "path": "/nix/store/y207r5sjcd81gfnsxxssgiiiwl6mcg6f-gh-2.86.0",
              "default": true
            }
          ],
          "store_path": "/nix/store/y207r5sjcd81gfnsxxssgiiiwl6mcg6f-gh-2.86.0"
        },
        "aarch64-linux": {
          "outputs": [
            {
              "name": "out",
              "path": "/nix/store/zx4plaf0z1yv06wdhxxhpbm7kmslm2r8-gh-2.86.0",
              "default": true
            }
          ],
          "store_path": "/nix/store/zx4plaf0z1yv06wdhxxhpbm7kmslm2r8-gh-2.86.0"
        },
        "x86_64-darwin": {
          "outputs": [
            {
              "name": "out",
              "path": "/nix/store/vhpac8ld4xkaa13bsrbwnyrmlcxsg57q-gh-2.86.0",
              "default": true
            }
          ],
          "store_path": "/nix/store/vhpac8ld4xkaa13bsrbwnyrmlcxsg57q-gh-2.86.0"
        },
        "x86_64-linux": {
          "outputs": [
            {
              "name": "out",
              "path": "/nix/store/xf3rb2kmk19092b1pf50ag0fsj2f6hpa-gh-2.86.0",
              "default": true
            }
          ],
          "store_path": "/nix/store/xf3rb2kmk19092b1pf50ag0fsj2f6hpa-gh-2.86.0"
        }
      }
    },
    "github:NixOS/nixpkgs/nixpkgs-unstable": {
      "last_modified": "2026-02-08T07:51:33Z",
      "resolved": "github:NixOS/nixpkgs/fef9403a3e4d31b0a23f0bacebbec52c248fbb51?lastModified=1770537093"
    },
    "nodejs@latest": {
      "last_modified": "2026-02-06T12:24:04Z",
      "plugin_version": "0.0.2",
      "resolved": "github:NixOS/nixpkgs/ae67888ff7ef9dff69b3cf0cc0fbfbcd3a722abe#nodejs_25",
      "source": "devbox-search",
      "version": "25.6.0",
      "systems": {
        "aarch64-darwin": {
          "outputs": [
            {
              "name": "out",
              "path": "/nix/store/8c4nmc0bf68hjwqynn6akiyf6wpig1w1-nodejs-25.6.0",
              "default": true
            },
            {
              "name": "dev",
              "path": "/nix/store/5w3rd6zkcllysnjza8zzxpigx1f2ylb0-nodejs-25.6.0-dev"
            },
            {
              "name": "libv8",
              "path": "/nix/store/kzds777k7j3b9m9h7xvmgfk0ns5b9s1x-nodejs-25.6.0-libv8"
            }
          ],
          "store_path": "/nix/store/8c4nmc0bf68hjwqynn6akiyf6wpig1w1-nodejs-25.6.0"
        },
        "aarch64-linux": {
          "outputs": [
            {
              "name": "out",
              "path": "/nix/store/jvl4b0b0k3xhrva7zqqbi86l6vd1v95z-nodejs-25.6.0",
              "default": true
            },
            {
              "name": "dev",
              "path": "/nix/store/v384glc8b42ka95z6zdiq1xcd2lv109n-nodejs-25.6.0-dev"
            },
            {
              "name": "libv8",
              "path": "/nix/store/6390j96zq92fmx2w1jk1q8fz367dvaqr-nodejs-25.6.0-libv8"
            }
          ],
          "store_path": "/nix/store/jvl4b0b0k3xhrva7zqqbi86l6vd1v95z-nodejs-25.6.0"
        },
        "x86_64-darwin": {
          "outputs": [
            {
              "name": "out",
              "path": "/nix/store/ynv28gii2ajgbljvg86c2z8bqc6vbdi4-nodejs-25.6.0",
              "default": true
            },
            {
              "name": "dev",
              "path": "/nix/store/n36qglbhcjaa70vz77gqkgv9znbjv3ma-nodejs-25.6.0-dev"
            },
            {
              "name": "libv8",
              "path": "/nix/store/1s644jkkd03nc75k4vkvcg5gnnz8gscf-nodejs-25.6.0-libv8"
            }
          ],
          "store_path": "/nix/store/ynv28gii2ajgbljvg86c2z8bqc6vbdi4-nodejs-25.6.0"
        },
        "x86_64-linux": {
          "outputs": [
            {
              "name": "out",
              "path": "/nix/store/x7mahrb2pll9cnzr495i0bvm3ga2n5a8-nodejs-25.6.0",
              "default": true
            },
            {
              "name": "dev",
              "path": "/nix/store/06dwppmr769vflfnpayy2y461qzfgm41-nodejs-25.6.0-dev"
            },
            {
              "name": "libv8",
              "path": "/nix/store/y4d13cm8giv6n6fw1406cwq1hgnhrx36-nodejs-25.6.0-libv8"
            }
          ],
          "store_path": "/nix/store/x7mahrb2pll9cnzr495i0bvm3ga2n5a8-nodejs-25.6.0"
        }
      }
    },
    "process-compose@latest": {
      "last_modified": "2026-02-02T23:09:17Z",
      "resolved": "github:NixOS/nixpkgs/47472570b1e607482890801aeaf29bfb749884f6#process-compose",
      "source": "devbox-search",
      "version": "1.90.0",
      "systems": {
        "aarch64-darwin": {
          "outputs": [
            {
              "name": "out",
              "path": "/nix/store/ky986spyv6sfijb1k44hddla7hvi56lp-process-compose-1.90.0",
              "default": true
            }
          ],
          "store_path": "/nix/store/ky986spyv6sfijb1k44hddla7hvi56lp-process-compose-1.90.0"
        },
        "aarch64-linux": {
          "outputs": [
            {
              "name": "out",
              "path": "/nix/store/iqx95vl5dwkrsfcf4mj2643bfisyj1ff-process-compose-1.90.0",
              "default": true
            }
          ],
          "store_path": "/nix/store/iqx95vl5dwkrsfcf4mj2643bfisyj1ff-process-compose-1.90.0"
        },
        "x86_64-darwin": {
          "outputs": [
            {
              "name": "out",
              "path": "/nix/store/fki23dffy7nzlma507q5lhf3dkm5l6wv-process-compose-1.90.0",
              "default": true
            }
          ],
          "store_path": "/nix/store/fki23dffy7nzlma507q5lhf3dkm5l6wv-process-compose-1.90.0"
        },
        "x86_64-linux": {
          "outputs": [
            {
              "name": "out",
              "path": "/nix/store/c7fywarscr5c07bxgd6d5g0isn0ijysz-process-compose-1.90.0",
              "default": true
            }
          ],
          "store_path": "/nix/store/c7fywarscr5c07bxgd6d5g0isn0ijysz-process-compose-1.90.0"
        }
      }
    },
    "rustfmt@latest": {
      "last_modified": "2026-04-23T13:07:47Z",
      "resolved": "github:NixOS/nixpkgs/01fbdeef22b76df85ea168fbfe1bfd9e63681b30#rustfmt",
      "source": "devbox-search",
      "version": "1.94.1",
      "systems": {
        "aarch64-darwin": {
          "outputs": [
            {
              "name": "out",
              "path": "/nix/store/371msib7kcxjsjhck6562pfa0q9nn8mw-rustfmt-1.94.1",
              "default": true
            }
          ],
          "store_path": "/nix/store/371msib7kcxjsjhck6562pfa0q9nn8mw-rustfmt-1.94.1"
        },
        "aarch64-linux": {
          "outputs": [
            {
              "name": "out",
              "path": "/nix/store/y466x0p4r8qjz5z4qpcjd16y8vmlzhl3-rustfmt-1.94.1",
              "default": true
            }
          ],
          "store_path": "/nix/store/y466x0p4r8qjz5z4qpcjd16y8vmlzhl3-rustfmt-1.94.1"
        },
        "x86_64-darwin": {
          "outputs": [
            {
              "name": "out",
              "path": "/nix/store/xz887wb672i5sb1p5yj8mjm1190np784-rustfmt-1.94.1",
              "default": true
            }
          ],
          "store_path": "/nix/store/xz887wb672i5sb1p5yj8mjm1190np784-rustfmt-1.94.1"
        },
        "x86_64-linux": {
          "outputs": [
            {
              "name": "out",
              "path": "/nix/store/rsshbz486a0ka567awpbkbawaqdr40pd-rustfmt-1.94.1",
              "default": true
            }
          ],
          "store_path": "/nix/store/rsshbz486a0ka567awpbkbawaqdr40pd-rustfmt-1.94.1"
        }
      }
    },
    "shellcheck@latest": {
      "last_modified": "2026-01-23T17:20:52Z",
      "resolved": "github:NixOS/nixpkgs/a1bab9e494f5f4939442a57a58d0449a109593fe#shellcheck",
      "source": "devbox-search",
      "version": "0.11.0",
      "systems": {
        "aarch64-darwin": {
          "outputs": [
            {
              "name": "bin",
              "path": "/nix/store/5svbr3cprv2d48534yps86b05fkk22xd-shellcheck-0.11.0-bin",
              "default": true
            },
            {
              "name": "man",
              "path": "/nix/store/spnvyf4cyw041ypaj2mlk2zznwdvjxyw-shellcheck-0.11.0-man",
              "default": true
            },
            {
              "name": "doc",
              "path": "/nix/store/s8jimz0bjmypxi1djmvvlay7yqqv9l99-shellcheck-0.11.0-doc",
              "default": true
            },
            {
              "name": "out",
              "path": "/nix/store/ckh6hj54z0vr9phnk0fhx9smqv04w6hg-shellcheck-0.11.0"
            }
          ],
          "store_path": "/nix/store/5svbr3cprv2d48534yps86b05fkk22xd-shellcheck-0.11.0-bin"
        },
        "aarch64-linux": {
          "outputs": [
            {
              "name": "bin",
              "path": "/nix/store/hivykwp8bw270rv8dys1j32hv1k6yij0-shellcheck-0.11.0-bin",
              "default": true
            },
            {
              "name": "man",
              "path": "/nix/store/qivjm3rk9hnxc0hid7pjz6dy35kqw6sz-shellcheck-0.11.0-man",
              "default": true
            },
            {
              "name": "doc",
              "path": "/nix/store/bv2khvbymwlm3pgfc351nbxby0h8yp6i-shellcheck-0.11.0-doc",
              "default": true
            },
            {
              "name": "out",
              "path": "/nix/store/3kqdx5p2yz17c369383n20pbfjqqvz5z-shellcheck-0.11.0"
            }
          ],
          "store_path": "/nix/store/hivykwp8bw270rv8dys1j32hv1k6yij0-shellcheck-0.11.0-bin"
        },
        "x86_64-darwin": {
          "outputs": [
            {
              "name": "bin",
              "path": "/nix/store/mpjsi2nrrjbjydvl0a7ii922jkn74k9l-shellcheck-0.11.0-bin",
              "default": true
            },
            {
              "name": "man",
              "path": "/nix/store/djwg6sax91yyhy9hcg9av2iqdpv85xcj-shellcheck-0.11.0-man",
              "default": true
            },
            {
              "name": "doc",
              "path": "/nix/store/4w8jv96gdkajpw2rnx8zxz0dg779mpgl-shellcheck-0.11.0-doc",
              "default": true
            },
            {
              "name": "out",
              "path": "/nix/store/099cyhhwzpm2i9idvha7ns8cvyjzq1s2-shellcheck-0.11.0"
            }
          ],
          "store_path": "/nix/store/mpjsi2nrrjbjydvl0a7ii922jkn74k9l-shellcheck-0.11.0-bin"
        },
        "x86_64-linux": {
          "outputs": [
            {
              "name": "bin",
              "path": "/nix/store/ghz6z8fvri862mgdg5kl95cpfls931h5-shellcheck-0.11.0-bin",
              "default": true
            },
            {
              "name": "man",
              "path": "/nix/store/416rjwbann8hibm3zfj7shrj3i9saq4a-shellcheck-0.11.0-man",
              "default": true
            },
            {
              "name": "doc",
              "path": "/nix/store/mlx7n34i9gh8bryzp8xqb1i756bszarx-shellcheck-0.11.0-doc",
              "default": true
            },
            {
              "name": "out",
              "path": "/nix/store/zrh7hlkglk74pix0bczhkslw2w4qdpzg-shellcheck-0.11.0"
            }
          ],
          "store_path": "/nix/store/ghz6z8fvri862mgdg5kl95cpfls931h5-shellcheck-0.11.0-bin"
        }
      }
    },
    "treefmt@latest": {
      "last_modified": "2026-01-23T17:20:52Z",
      "resolved": "github:NixOS/nixpkgs/a1bab9e494f5f4939442a57a58d0449a109593fe#treefmt",
      "source": "devbox-search",
      "version": "2.4.0",
      "systems": {
        "aarch64-darwin": {
          "outputs": [
            {
              "name": "out",
              "path": "/nix/store/37qcrdrfdf8b9pyli0j0vj9d69dykmpr-treefmt-2.4.0",
              "default": true
            }
          ],
          "store_path": "/nix/store/37qcrdrfdf8b9pyli0j0vj9d69dykmpr-treefmt-2.4.0"
        },
        "aarch64-linux": {
          "outputs": [
            {
              "name": "out",
              "path": "/nix/store/ccv7dxwff3xpivsdhrjbq3mpk0br5v7d-treefmt-2.4.0",
              "default": true
            }
          ],
          "store_path": "/nix/store/ccv7dxwff3xpivsdhrjbq3mpk0br5v7d-treefmt-2.4.0"
        },
        "x86_64-darwin": {
          "outputs": [
            {
              "name": "out",
              "path": "/nix/store/sbq2psv4q9hvfvalk00g0pkqjl2912m1-treefmt-2.4.0",
              "default": true
            }
          ],
          "store_path": "/nix/store/sbq2psv4q9hvfvalk00g0pkqjl2912m1-treefmt-2.4.0"
        },
        "x86_64-linux": {
          "outputs": [
            {
              "name": "out",
              "path": "/nix/store/z8xrjfswqqpydc42lyas064pp8kxgnl0-treefmt-2.4.0",
              "default": true
            }
          ],
          "store_path": "/nix/store/z8xrjfswqqpydc42lyas064pp8kxgnl0-treefmt-2.4.0"
        }
      }
    }
  }
}
